
Microsoft Visual Studio Solution File, Format Version 12.00
# Visual Studio 15
VisualStudioVersion = 15.0.27703.2042
MinimumVisualStudioVersion = 10.0.40219.1
Project("{888888A0-9F3D-457C-B088-3A5042F75D52}") = "Python100Day", "Python100Day\Python100Day.pyproj", "{7632A4FE-AA1D-4519-AFB2-1A680DFBCADE}"
EndProject
Global
	GlobalSection(SolutionConfigurationPlatforms) = preSolution
		Debug|Any CPU = Debug|Any CPU
		Release|Any CPU = Release|Any CPU
	EndGlobalSection
	GlobalSection(ProjectConfigurationPlatforms) = postSolution
		{7632A4FE-AA1D-4519-AFB2-1A680DFBCADE}.Debug|Any CPU.ActiveCfg = Debug|Any CPU
		{7632A4FE-AA1D-4519-AFB2-1A680DFBCADE}.Release|Any CPU.ActiveCfg = Release|Any CPU
	EndGlobalSection
	GlobalSection(SolutionProperties) = preSolution
		HideSolutionNode = FALSE
	EndGlobalSection
	GlobalSection(ExtensibilityGlobals) = postSolution
		SolutionGuid = {54772162-FB3A-407C-A5CD-36DF1D0E7FBE}
	EndGlobalSection
EndGlobal
